// !$*UTF8*$!
{
	archiveVersion = 1;
	classes = {
	};
	objectVersion = 46;
	objects = {

/* Begin PBXBuildFile section */
		D2CD43771F4A71A40035B405 /* AppDelegate.swift in Sources */ = {isa = PBXBuildFile; fileRef = D2CD43761F4A71A40035B405 /* AppDelegate.swift */; };
		D2CD43791F4A71A40035B405 /* ViewController.swift in Sources */ = {isa = PBXBuildFile; fileRef = D2CD43781F4A71A40035B405 /* ViewController.swift */; };
		D2CD437C1F4A71A40035B405 /* Main.storyboard in Resources */ = {isa = PBXBuildFile; fileRef = D2CD437A1F4A71A40035B405 /* Main.storyboard */; };
		D2CD437E1F4A71A40035B405 /* Assets.xcassets in Resources */ = {isa = PBXBuildFile; fileRef = D2CD437D1F4A71A40035B405 /* Assets.xcassets */; };
		D2CD43811F4A71A40035B405 /* LaunchScreen.storyboard in Resources */ = {isa = PBXBuildFile; fileRef = D2CD437F1F4A71A40035B405 /* LaunchScreen.storyboard */; };
		D2CD438B1F4A72330035B405 /* ChatViewController.swift in Sources */ = {isa = PBXBuildFile; fileRef = D2CD43891F4A72330035B405 /* ChatViewController.swift */; };
		D2CD438C1F4A72330035B405 /* ChatViewController.xib in Resources */ = {isa = PBXBuildFile; fileRef = D2CD438A1F4A72330035B405 /* ChatViewController.xib */; };
		D2CD43901F4A72B50035B405 /* StoriesViewController.swift in Sources */ = {isa = PBXBuildFile; fileRef = D2CD438E1F4A72B50035B405 /* StoriesViewController.swift */; };
		D2CD43911F4A72B50035B405 /* StoriesViewController.xib in Resources */ = {isa = PBXBuildFile; fileRef = D2CD438F1F4A72B50035B405 /* StoriesViewController.xib */; };
		D2CD43951F4A739C0035B405 /* DiscoverViewController.swift in Sources */ = {isa = PBXBuildFile; fileRef = D2CD43931F4A739C0035B405 /* DiscoverViewController.swift */; };
		D2CD43961F4A739C0035B405 /* DiscoverViewController.xib in Resources */ = {isa = PBXBuildFile; fileRef = D2CD43941F4A739C0035B405 /* DiscoverViewController.xib */; };
/* End PBXBuildFile section */

/* Begin PBXFileReference section */
		D2CD43731F4A71A40035B405 /* SnapchatMenu.app */ = {isa = PBXFileReference; explicitFileType = wrapper.application; includeInIndex = 0; path = SnapchatMenu.app; sourceTree = BUILT_PRODUCTS_DIR; };
		D2CD43761F4A71A40035B405 /* AppDelegate.swift */ = {isa = PBXFileReference; lastKnownFileType = sourcecode.swift; path = AppDelegate.swift; sourceTree = "<group>"; };
		D2CD43781F4A71A40035B405 /* ViewController.swift */ = {isa = PBXFileReference; lastKnownFileType = sourcecode.swift; path = ViewController.swift; sourceTree = "<group>"; };
		D2CD437B1F4A71A40035B405 /* Base */ = {isa = PBXFileReference; lastKnownFileType = file.storyboard; name = Base; path = Base.lproj/Main.storyboard; sourceTree = "<group>"; };
		D2CD437D1F4A71A40035B405 /* Assets.xcassets */ = {isa = PBXFileReference; lastKnownFileType = folder.assetcatalog; path = Assets.xcassets; sourceTree = "<group>"; };
		D2CD43801F4A71A40035B405 /* Base */ = {isa = PBXFileReference; lastKnownFileType = file.storyboard; name = Base; path = Base.lproj/LaunchScreen.storyboard; sourceTree = "<group>"; };
		D2CD43821F4A71A40035B405 /* Info.plist */ = {isa = PBXFileReference; lastKnownFileType = text.plist.xml; path = Info.plist; sourceTree = "<group>"; };
		D2CD43891F4A72330035B405 /* ChatViewController.swift */ = {isa = PBXFileReference; fileEncoding = 4; lastKnownFileType = sourcecode.swift; path = ChatViewController.swift; sourceTree = "<group>"; };
		D2CD438A1F4A72330035B405 /* ChatViewController.xib */ = {isa = PBXFileReference; fileEncoding = 4; lastKnownFileType = file.xib; path = ChatViewController.xib; sourceTree = "<group>"; };
		D2CD438E1F4A72B50035B405 /* StoriesViewController.swift */ = {isa = PBXFileReference; fileEncoding = 4; lastKnownFileType = sourcecode.swift; path = StoriesViewController.swift; sourceTree = "<group>"; };
		D2CD438F1F4A72B50035B405 /* StoriesViewController.xib */ = {isa = PBXFileReference; fileEncoding = 4; lastKnownFileType = file.xib; path = StoriesViewController.xib; sourceTree = "<group>"; };
		D2CD43931F4A739C0035B405 /* DiscoverViewController.swift */ = {isa = PBXFileReference; fileEncoding = 4; lastKnownFileType = sourcecode.swift; path = DiscoverViewController.swift; sourceTree = "<group>"; };
		D2CD43941F4A739C0035B405 /* DiscoverViewController.xib */ = {isa = PBXFileReference; fileEncoding = 4; lastKnownFileType = file.xib; path = DiscoverViewController.xib; sourceTree = "<group>"; };
/* End PBXFileReference section */

/* Begin PBXFrameworksBuildPhase section */
		D2CD43701F4A71A40035B405 /* Frameworks */ = {
			isa = PBXFrameworksBuildPhase;
			buildActionMask = 2147483647;
			files = (
			);
			runOnlyForDeploymentPostprocessing = 0;
		};
/* End PBXFrameworksBuildPhase section */

/* Begin PBXGroup section */
		D2CD436A1F4A71A40035B405 = {
			isa = PBXGroup;
			children = (
				D2CD43751F4A71A40035B405 /* SnapchatMenu */,
				D2CD43741F4A71A40035B405 /* Products */,
			);
			sourceTree = "<group>";
		};
		D2CD43741F4A71A40035B405 /* Products */ = {
			isa = PBXGroup;
			children = (
				D2CD43731F4A71A40035B405 /* SnapchatMenu.app */,
			);
			name = Products;
			sourceTree = "<group>";
		};
		D2CD43751F4A71A40035B405 /* SnapchatMenu */ = {
			isa = PBXGroup;
			children = (
				D2CD43761F4A71A40035B405 /* AppDelegate.swift */,
				D2CD43781F4A71A40035B405 /* ViewController.swift */,
				D2CD437A1F4A71A40035B405 /* Main.storyboard */,
				D2CD43881F4A720A0035B405 /* Chat */,
				D2CD438D1F4A72A20035B405 /* Stories */,
				D2CD43921F4A73880035B405 /* Discover */,
				D2CD437D1F4A71A40035B405 /* Assets.xcassets */,
				D2CD437F1F4A71A40035B405 /* LaunchScreen.storyboard */,
				D2CD43821F4A71A40035B405 /* Info.plist */,
			);
			path = SnapchatMenu;
			sourceTree = "<group>";
		};
		D2CD43881F4A720A0035B405 /* Chat */ = {
			isa = PBXGroup;
			children = (
				D2CD43891F4A72330035B405 /* ChatViewController.swift */,
				D2CD438A1F4A72330035B405 /* ChatViewController.xib */,
			);
			path = Chat;
			sourceTree = "<group>";
		};
		D2CD438D1F4A72A20035B405 /* Stories */ = {
			isa = PBXGroup;
			children = (
				D2CD438E1F4A72B50035B405 /* StoriesViewController.swift */,
				D2CD438F1F4A72B50035B405 /* StoriesViewController.xib */,
			);
			name = Stories;
			sourceTree = "<group>";
		};
		D2CD43921F4A73880035B405 /* Discover */ = {
			isa = PBXGroup;
			children = (
				D2CD43931F4A739C0035B405 /* DiscoverViewController.swift */,
				D2CD43941F4A739C0035B405 /* DiscoverViewController.xib */,
			);
			name = Discover;
			sourceTree = "<group>";
		};
/* End PBXGroup section */

/* Begin PBXNativeTarget section */
		D2CD43721F4A71A40035B405 /* SnapchatMenu */ = {
			isa = PBXNativeTarget;
			buildConfigurationList = D2CD43851F4A71A40035B405 /* Build configuration list for PBXNativeTarget "SnapchatMenu" */;
			buildPhases = (
				D2CD436F1F4A71A40035B405 /* Sources */,
				D2CD43701F4A71A40035B405 /* Frameworks */,
				D2CD43711F4A71A40035B405 /* Resources */,
			);
			buildRules = (
			);
			dependencies = (
			);
			name = SnapchatMenu;
			productName = SnapchatMenu;
			productReference = D2CD43731F4A71A40035B405 /* SnapchatMenu.app */;
			productType = "com.apple.product-type.application";
		};
/* End PBXNativeTarget section */

/* Begin PBXProject section */
		D2CD436B1F4A71A40035B405 /* Project object */ = {
			isa = PBXProject;
			attributes = {
				LastSwiftUpdateCheck = 0830;
				LastUpgradeCheck = 0830;
				ORGANIZATIONNAME = "pike young";
				TargetAttributes = {
					D2CD43721F4A71A40035B405 = {
						CreatedOnToolsVersion = 8.3.3;
						DevelopmentTeam = 6QV7266CQK;
						ProvisioningStyle = Automatic;
					};
				};
			};
			buildConfigurationList = D2CD436E1F4A71A40035B405 /* Build configuration list for PBXProject "SnapchatMenu" */;
			compatibilityVersion = "Xcode 3.2";
			developmentRegion = English;
			hasScannedForEncodings = 0;
			knownRegions = (
				en,
				Base,
			);
			mainGroup = D2CD436A1F4A71A40035B405;
			productRefGroup = D2CD43741F4A71A40035B405 /* Products */;
			projectDirPath = "";
			projectRoot = "";
			targets = (
				D2CD43721F4A71A40035B405 /* SnapchatMenu */,
			);
		};
/* End PBXProject section */

/* Begin PBXResourcesBuildPhase section */
		D2CD43711F4A71A40035B405 /* Resources */ = {
			isa = PBXResourcesBuildPhase;
			buildActionMask = 2147483647;
			files = (
				D2CD43811F4A71A40035B405 /* LaunchScreen.storyboard in Resources */,
				D2CD43961F4A739C0035B405 /* DiscoverViewController.xib in Resources */,
				D2CD437E1F4A71A40035B405 /* Assets.xcassets in Resources */,
				D2CD438C1F4A72330035B405 /* ChatViewController.xib in Resources */,
				D2CD437C1F4A71A40035B405 /* Main.storyboard in Resources */,
				D2CD43911F4A72B50035B405 /* StoriesViewController.xib in Resources */,
			);
			runOnlyForDeploymentPostprocessing = 0;
		};
/* End PBXResourcesBuildPhase section */

/* Begin PBXSourcesBuildPhase section */
		D2CD436F1F4A71A40035B405 /* Sources */ = {
			isa = PBXSourcesBuildPhase;
			buildActionMask = 2147483647;
			files = (
				D2CD43791F4A71A40035B405 /* ViewController.swift in Sources */,
				D2CD438B1F4A72330035B405 /* ChatViewController.swift in Sources */,
				D2CD43901F4A72B50035B405 /* StoriesViewController.swift in Sources */,
				D2CD43771F4A71A40035B405 /* AppDelegate.swift in Sources */,
				D2CD43951F4A739C0035B405 /* DiscoverViewController.swift in Sources */,
			);
			runOnlyForDeploymentPostprocessing = 0;
		};
/* End PBXSourcesBuildPhase section */

/* Begin PBXVariantGroup section */
		D2CD437A1F4A71A40035B405 /* Main.storyboard */ = {
			isa = PBXVariantGroup;
			children = (
				D2CD437B1F4A71A40035B405 /* Base */,
			);
			name = Main.storyboard;
			sourceTree = "<group>";
		};
		D2CD437F1F4A71A40035B405 /* LaunchScreen.storyboard */ = {
			isa = PBXVariantGroup;
			children = (
				D2CD43801F4A71A40035B405 /* Base */,
			);
			name = LaunchScreen.storyboard;
			sourceTree = "<group>";
		};
/* End PBXVariantGroup section */

/* Begin XCBuildConfiguration section */
		D2CD43831F4A71A40035B405 /* Debug */ = {
			isa = XCBuildConfiguration;
			buildSettings = {
				ALWAYS_SEARCH_USER_PATHS = NO;
				CLANG_ANALYZER_NONNULL = YES;
				CLANG_ANALYZER_NUMBER_OBJECT_CONVERSION = YES_AGGRESSIVE;
				CLANG_CXX_LANGUAGE_STANDARD = "gnu++0x";
				CLANG_CXX_LIBRARY = "libc++";
				CLANG_ENABLE_MODULES = YES;
				CLANG_ENABLE_OBJC_ARC = YES;
				CLANG_WARN_BOOL_CONVERSION = YES;
				CLANG_WARN_CONSTANT_CONVERSION = YES;
				CLANG_WARN_DIRECT_OBJC_ISA_USAGE = YES_ERROR;
				CLANG_WARN_DOCUMENTATION_COMMENTS = YES;
				CLANG_WARN_EMPTY_BODY = YES;
				CLANG_WARN_ENUM_CONVERSION = YES;
				CLANG_WARN_INFINITE_RECURSION = YES;
				CLANG_WARN_INT_CONVERSION = YES;
				CLANG_WARN_OBJC_ROOT_CLASS = YES_ERROR;
				CLANG_WARN_SUSPICIOUS_MOVE = YES;
				CLANG_WARN_UNREACHABLE_CODE = YES;
				CLANG_WARN__DUPLICATE_METHOD_MATCH = YES;
				"CODE_SIGN_IDENTITY[sdk=iphoneos*]" = "iPhone Developer";
				COPY_PHASE_STRIP = NO;
				DEBUG_INFORMATION_FORMAT = dwarf;
				ENABLE_STRICT_OBJC_MSGSEND = YES;
				ENABLE_TESTABILITY = YES;
				GCC_C_LANGUAGE_STANDARD = gnu99;
				GCC_DYNAMIC_NO_PIC = NO;
				GCC_NO_COMMON_BLOCKS = YES;
				GCC_OPTIMIZATION_LEVEL = 0;
				GCC_PREPROCESSOR_DEFINITIONS = (
					"DEBUG=1",
					"$(inherited)",
				);
				GCC_WARN_64_TO_32_BIT_CONVERSION = YES;
				GCC_WARN_ABOUT_RETURN_TYPE = YES_ERROR;
				GCC_WARN_UNDECLARED_SELECTOR = YES;
				GCC_WARN_UNINITIALIZED_AUTOS = YES_AGGRESSIVE;
				GCC_WARN_UNUSED_FUNCTION = YES;
				GCC_WARN_UNUSED_VARIABLE = YES;
				IPHONEOS_DEPLOYMENT_TARGET = 10.3;
				MTL_ENABLE_DEBUG_INFO = YES;
				ONLY_ACTIVE_ARCH = YES;
				SDKROOT = iphoneos;
				SWIFT_ACTIVE_COMPILATION_CONDITIONS = DEBUG;
				SWIFT_OPTIMIZATION_LEVEL = "-Onone";
				TARGETED_DEVICE_FAMILY = "1,2";
			};
			name = Debug;
		};
		D2CD43841F4A71A40035B405 /* Release */ = {
			isa = XCBuildConfiguration;
			buildSettings = {
				ALWAYS_SEARCH_USER_PATHS = NO;
				CLANG_ANALYZER_NONNULL = YES;
				CLANG_ANALYZER_NUMBER_OBJECT_CONVERSION = YES_AGGRESSIVE;
				CLANG_CXX_LANGUAGE_STANDARD = "gnu++0x";
				CLANG_CXX_LIBRARY = "libc++";
				CLANG_ENABLE_MODULES = YES;
				CLANG_ENABLE_OBJC_ARC = YES;
				CLANG_WARN_BOOL_CONVERSION = YES;
				CLANG_WARN_CONSTANT_CONVERSION = YES;
				CLANG_WARN_DIRECT_OBJC_ISA_USAGE = YES_ERROR;
				CLANG_WARN_DOCUMENTATION_COMMENTS = YES;
				CLANG_WARN_EMPTY_BODY = YES;
				CLANG_WARN_ENUM_CONVERSION = YES;
				CLANG_WARN_INFINITE_RECURSION = YES;
				CLANG_WARN_INT_CONVERSION = YES;
				CLANG_WARN_OBJC_ROOT_CLASS = YES_ERROR;
				CLANG_WARN_SUSPICIOUS_MOVE = YES;
				CLANG_WARN_UNREACHABLE_CODE = YES;
				CLANG_WARN__DUPLICATE_METHOD_MATCH = YES;
				"CODE_SIGN_IDENTITY[sdk=iphoneos*]" = "iPhone Developer";
				COPY_PHASE_STRIP = NO;
				DEBUG_INFORMATION_FORMAT = "dwarf-with-dsym";
				ENABLE_NS_ASSERTIONS = NO;
				ENABLE_STRICT_OBJC_MSGSEND = YES;
				GCC_C_LANGUAGE_STANDARD = gnu99;
				GCC_NO_COMMON_BLOCKS = YES;
				GCC_WARN_64_TO_32_BIT_CONVERSION = YES;
				GCC_WARN_ABOUT_RETURN_TYPE = YES_ERROR;
				GCC_WARN_UNDECLARED_SELECTOR = YES;
				GCC_WARN_UNINITIALIZED_AUTOS = YES_AGGRESSIVE;
				GCC_WARN_UNUSED_FUNCTION = YES;
				GCC_WARN_UNUSED_VARIABLE = YES;
				IPHONEOS_DEPLOYMENT_TARGET = 10.3;
				MTL_ENABLE_DEBUG_INFO = NO;
				SDKROOT = iphoneos;
				SWIFT_OPTIMIZATION_LEVEL = "-Owholemodule";
				TARGETED_DEVICE_FAMILY = "1,2";
				VALIDATE_PRODUCT = YES;
			};
			name = Release;
		};
		D2CD43861F4A71A40035B405 /* Debug */ = {
			isa = XCBuildConfiguration;
			buildSettings = {
				ASSETCATALOG_COMPILER_APPICON_NAME = AppIcon;
				DEVELOPMENT_TEAM = 6QV7266CQK;
				INFOPLIST_FILE = SnapchatMenu/Info.plist;
				LD_RUNPATH_SEARCH_PATHS = "$(inherited) @executable_path/Frameworks";
				PRODUCT_BUNDLE_IDENTIFIER = livestar.SnapchatMenu;
				PRODUCT_NAME = "$(TARGET_NAME)";
				SWIFT_VERSION = 3.0;
			};
			name = Debug;
		};
		D2CD43871F4A71A40035B405 /* Release */ = {
			isa = XCBuildConfiguration;
			buildSettings = {
				ASSETCATALOG_COMPILER_APPICON_NAME = AppIcon;
				DEVELOPMENT_TEAM = 6QV7266CQK;
				INFOPLIST_FILE = SnapchatMenu/Info.plist;
				LD_RUNPATH_SEARCH_PATHS = "$(inherited) @executable_path/Frameworks";
				PRODUCT_BUNDLE_IDENTIFIER = livestar.SnapchatMenu;
				PRODUCT_NAME = "$(TARGET_NAME)";
				SWIFT_VERSION = 3.0;
			};
			name = Release;
		};
/* End XCBuildConfiguration section */

/* Begin XCConfigurationList section */
		D2CD436E1F4A71A40035B405 /* Build configuration list for PBXProject "SnapchatMenu" */ = {
			isa = XCConfigurationList;
			buildConfigurations = (
				D2CD43831F4A71A40035B405 /* Debug */,
				D2CD43841F4A71A40035B405 /* Release */,
			);
			defaultConfigurationIsVisible = 0;
			defaultConfigurationName = Release;
		};
		D2CD43851F4A71A40035B405 /* Build configuration list for PBXNativeTarget "SnapchatMenu" */ = {
			isa = XCConfigurationList;
			buildConfigurations = (
				D2CD43861F4A71A40035B405 /* Debug */,
				D2CD43871F4A71A40035B405 /* Release */,
			);
			defaultConfigurationIsVisible = 0;
			defaultConfigurationName = Release;
		};
/* End XCConfigurationList section */
	};
	rootObject = D2CD436B1F4A71A40035B405 /* Project object */;
}
