// !$*UTF8*$!
{
	archiveVersion = 1;
	classes = {
	};
	objectVersion = 46;
	objects = {

/* Begin PBXBuildFile section */
		D2873BD81F3C3158009C2D40 /* AppDelegate.swift in Sources */ = {isa = PBXBuildFile; fileRef = D2873BD71F3C3158009C2D40 /* AppDelegate.swift */; };
		D2873BDF1F3C3158009C2D40 /* Assets.xcassets in Resources */ = {isa = PBXBuildFile; fileRef = D2873BDE1F3C3158009C2D40 /* Assets.xcassets */; };
		D2873BE21F3C3158009C2D40 /* LaunchScreen.storyboard in Resources */ = {isa = PBXBuildFile; fileRef = D2873BE01F3C3158009C2D40 /* LaunchScreen.storyboard */; };
		D2873BEB1F3C31B2009C2D40 /* FBMeUser.swift in Sources */ = {isa = PBXBuildFile; fileRef = D2873BEA1F3C31B2009C2D40 /* FBMeUser.swift */; };
		D2873BEE1F3C3217009C2D40 /* FBMeBaseCell.swift in Sources */ = {isa = PBXBuildFile; fileRef = D2873BED1F3C3217009C2D40 /* FBMeBaseCell.swift */; };
		D2873BF11F3C32E2009C2D40 /* Specs.swift in Sources */ = {isa = PBXBuildFile; fileRef = D2873BF01F3C32E2009C2D40 /* Specs.swift */; };
		D2873BF31F3C3338009C2D40 /* UIColor+Extension.swift in Sources */ = {isa = PBXBuildFile; fileRef = D2873BF21F3C3338009C2D40 /* UIColor+Extension.swift */; };
		D2873BF51F3C65C2009C2D40 /* TableKeys.swift in Sources */ = {isa = PBXBuildFile; fileRef = D2873BF41F3C65C2009C2D40 /* TableKeys.swift */; };
		D2B5817F1F3D524400AE7AC9 /* FBMeBaseViewController.swift in Sources */ = {isa = PBXBuildFile; fileRef = D2B5817E1F3D524400AE7AC9 /* FBMeBaseViewController.swift */; };
		D2B581811F3D526B00AE7AC9 /* FBMeViewController.swift in Sources */ = {isa = PBXBuildFile; fileRef = D2B581801F3D526B00AE7AC9 /* FBMeViewController.swift */; };
/* End PBXBuildFile section */

/* Begin PBXFileReference section */
		D2873BD41F3C3158009C2D40 /* FBMeUser.app */ = {isa = PBXFileReference; explicitFileType = wrapper.application; includeInIndex = 0; path = FBMeUser.app; sourceTree = BUILT_PRODUCTS_DIR; };
		D2873BD71F3C3158009C2D40 /* AppDelegate.swift */ = {isa = PBXFileReference; lastKnownFileType = sourcecode.swift; path = AppDelegate.swift; sourceTree = "<group>"; };
		D2873BDE1F3C3158009C2D40 /* Assets.xcassets */ = {isa = PBXFileReference; lastKnownFileType = folder.assetcatalog; path = Assets.xcassets; sourceTree = "<group>"; };
		D2873BE11F3C3158009C2D40 /* Base */ = {isa = PBXFileReference; lastKnownFileType = file.storyboard; name = Base; path = Base.lproj/LaunchScreen.storyboard; sourceTree = "<group>"; };
		D2873BE31F3C3158009C2D40 /* Info.plist */ = {isa = PBXFileReference; lastKnownFileType = text.plist.xml; path = Info.plist; sourceTree = "<group>"; };
		D2873BEA1F3C31B2009C2D40 /* FBMeUser.swift */ = {isa = PBXFileReference; fileEncoding = 4; lastKnownFileType = sourcecode.swift; path = FBMeUser.swift; sourceTree = "<group>"; };
		D2873BED1F3C3217009C2D40 /* FBMeBaseCell.swift */ = {isa = PBXFileReference; fileEncoding = 4; lastKnownFileType = sourcecode.swift; path = FBMeBaseCell.swift; sourceTree = "<group>"; };
		D2873BF01F3C32E2009C2D40 /* Specs.swift */ = {isa = PBXFileReference; fileEncoding = 4; lastKnownFileType = sourcecode.swift; path = Specs.swift; sourceTree = "<group>"; };
		D2873BF21F3C3338009C2D40 /* UIColor+Extension.swift */ = {isa = PBXFileReference; fileEncoding = 4; lastKnownFileType = sourcecode.swift; path = "UIColor+Extension.swift"; sourceTree = "<group>"; };
		D2873BF41F3C65C2009C2D40 /* TableKeys.swift */ = {isa = PBXFileReference; fileEncoding = 4; lastKnownFileType = sourcecode.swift; path = TableKeys.swift; sourceTree = "<group>"; };
		D2B5817E1F3D524400AE7AC9 /* FBMeBaseViewController.swift */ = {isa = PBXFileReference; fileEncoding = 4; lastKnownFileType = sourcecode.swift; path = FBMeBaseViewController.swift; sourceTree = "<group>"; };
		D2B581801F3D526B00AE7AC9 /* FBMeViewController.swift */ = {isa = PBXFileReference; fileEncoding = 4; lastKnownFileType = sourcecode.swift; path = FBMeViewController.swift; sourceTree = "<group>"; };
/* End PBXFileReference section */

/* Begin PBXFrameworksBuildPhase section */
		D2873BD11F3C3158009C2D40 /* Frameworks */ = {
			isa = PBXFrameworksBuildPhase;
			buildActionMask = 2147483647;
			files = (
			);
			runOnlyForDeploymentPostprocessing = 0;
		};
/* End PBXFrameworksBuildPhase section */

/* Begin PBXGroup section */
		D2873BCB1F3C3158009C2D40 = {
			isa = PBXGroup;
			children = (
				D2873BD61F3C3158009C2D40 /* FBMeUser */,
				D2873BD51F3C3158009C2D40 /* Products */,
			);
			sourceTree = "<group>";
		};
		D2873BD51F3C3158009C2D40 /* Products */ = {
			isa = PBXGroup;
			children = (
				D2873BD41F3C3158009C2D40 /* FBMeUser.app */,
			);
			name = Products;
			sourceTree = "<group>";
		};
		D2873BD61F3C3158009C2D40 /* FBMeUser */ = {
			isa = PBXGroup;
			children = (
				D2873BD71F3C3158009C2D40 /* AppDelegate.swift */,
				D2B5817D1F3D521E00AE7AC9 /* ViewController */,
				D2873BEF1F3C32C0009C2D40 /* Helper */,
				D2873BEC1F3C31F5009C2D40 /* View */,
				D2873BE91F3C318A009C2D40 /* Model */,
				D2873BDE1F3C3158009C2D40 /* Assets.xcassets */,
				D2873BE01F3C3158009C2D40 /* LaunchScreen.storyboard */,
				D2873BE31F3C3158009C2D40 /* Info.plist */,
			);
			path = FBMeUser;
			sourceTree = "<group>";
		};
		D2873BE91F3C318A009C2D40 /* Model */ = {
			isa = PBXGroup;
			children = (
				D2873BEA1F3C31B2009C2D40 /* FBMeUser.swift */,
			);
			path = Model;
			sourceTree = "<group>";
		};
		D2873BEC1F3C31F5009C2D40 /* View */ = {
			isa = PBXGroup;
			children = (
				D2873BED1F3C3217009C2D40 /* FBMeBaseCell.swift */,
			);
			path = View;
			sourceTree = "<group>";
		};
		D2873BEF1F3C32C0009C2D40 /* Helper */ = {
			isa = PBXGroup;
			children = (
				D2873BF01F3C32E2009C2D40 /* Specs.swift */,
				D2873BF21F3C3338009C2D40 /* UIColor+Extension.swift */,
				D2873BF41F3C65C2009C2D40 /* TableKeys.swift */,
			);
			path = Helper;
			sourceTree = "<group>";
		};
		D2B5817D1F3D521E00AE7AC9 /* ViewController */ = {
			isa = PBXGroup;
			children = (
				D2B5817E1F3D524400AE7AC9 /* FBMeBaseViewController.swift */,
				D2B581801F3D526B00AE7AC9 /* FBMeViewController.swift */,
			);
			path = ViewController;
			sourceTree = "<group>";
		};
/* End PBXGroup section */

/* Begin PBXNativeTarget section */
		D2873BD31F3C3158009C2D40 /* FBMeUser */ = {
			isa = PBXNativeTarget;
			buildConfigurationList = D2873BE61F3C3158009C2D40 /* Build configuration list for PBXNativeTarget "FBMeUser" */;
			buildPhases = (
				D2873BD01F3C3158009C2D40 /* Sources */,
				D2873BD11F3C3158009C2D40 /* Frameworks */,
				D2873BD21F3C3158009C2D40 /* Resources */,
			);
			buildRules = (
			);
			dependencies = (
			);
			name = FBMeUser;
			productName = FBMeUser;
			productReference = D2873BD41F3C3158009C2D40 /* FBMeUser.app */;
			productType = "com.apple.product-type.application";
		};
/* End PBXNativeTarget section */

/* Begin PBXProject section */
		D2873BCC1F3C3158009C2D40 /* Project object */ = {
			isa = PBXProject;
			attributes = {
				LastSwiftUpdateCheck = 0830;
				LastUpgradeCheck = 0830;
				ORGANIZATIONNAME = "pike young";
				TargetAttributes = {
					D2873BD31F3C3158009C2D40 = {
						CreatedOnToolsVersion = 8.3.3;
						DevelopmentTeam = 6QV7266CQK;
						ProvisioningStyle = Automatic;
					};
				};
			};
			buildConfigurationList = D2873BCF1F3C3158009C2D40 /* Build configuration list for PBXProject "FBMeUser" */;
			compatibilityVersion = "Xcode 3.2";
			developmentRegion = English;
			hasScannedForEncodings = 0;
			knownRegions = (
				en,
				Base,
			);
			mainGroup = D2873BCB1F3C3158009C2D40;
			productRefGroup = D2873BD51F3C3158009C2D40 /* Products */;
			projectDirPath = "";
			projectRoot = "";
			targets = (
				D2873BD31F3C3158009C2D40 /* FBMeUser */,
			);
		};
/* End PBXProject section */

/* Begin PBXResourcesBuildPhase section */
		D2873BD21F3C3158009C2D40 /* Resources */ = {
			isa = PBXResourcesBuildPhase;
			buildActionMask = 2147483647;
			files = (
				D2873BE21F3C3158009C2D40 /* LaunchScreen.storyboard in Resources */,
				D2873BDF1F3C3158009C2D40 /* Assets.xcassets in Resources */,
			);
			runOnlyForDeploymentPostprocessing = 0;
		};
/* End PBXResourcesBuildPhase section */

/* Begin PBXSourcesBuildPhase section */
		D2873BD01F3C3158009C2D40 /* Sources */ = {
			isa = PBXSourcesBuildPhase;
			buildActionMask = 2147483647;
			files = (
				D2873BF11F3C32E2009C2D40 /* Specs.swift in Sources */,
				D2873BEB1F3C31B2009C2D40 /* FBMeUser.swift in Sources */,
				D2873BF51F3C65C2009C2D40 /* TableKeys.swift in Sources */,
				D2873BD81F3C3158009C2D40 /* AppDelegate.swift in Sources */,
				D2B581811F3D526B00AE7AC9 /* FBMeViewController.swift in Sources */,
				D2873BEE1F3C3217009C2D40 /* FBMeBaseCell.swift in Sources */,
				D2B5817F1F3D524400AE7AC9 /* FBMeBaseViewController.swift in Sources */,
				D2873BF31F3C3338009C2D40 /* UIColor+Extension.swift in Sources */,
			);
			runOnlyForDeploymentPostprocessing = 0;
		};
/* End PBXSourcesBuildPhase section */

/* Begin PBXVariantGroup section */
		D2873BE01F3C3158009C2D40 /* LaunchScreen.storyboard */ = {
			isa = PBXVariantGroup;
			children = (
				D2873BE11F3C3158009C2D40 /* Base */,
			);
			name = LaunchScreen.storyboard;
			sourceTree = "<group>";
		};
/* End PBXVariantGroup section */

/* Begin XCBuildConfiguration section */
		D2873BE41F3C3158009C2D40 /* Debug */ = {
			isa = XCBuildConfiguration;
			buildSettings = {
				ALWAYS_SEARCH_USER_PATHS = NO;
				CLANG_ANALYZER_NONNULL = YES;
				CLANG_ANALYZER_NUMBER_OBJECT_CONVERSION = YES_AGGRESSIVE;
				CLANG_CXX_LANGUAGE_STANDARD = "gnu++0x";
				CLANG_CXX_LIBRARY = "libc++";
				CLANG_ENABLE_MODULES = YES;
				CLANG_ENABLE_OBJC_ARC = YES;
				CLANG_WARN_BOOL_CONVERSION = YES;
				CLANG_WARN_CONSTANT_CONVERSION = YES;
				CLANG_WARN_DIRECT_OBJC_ISA_USAGE = YES_ERROR;
				CLANG_WARN_DOCUMENTATION_COMMENTS = YES;
				CLANG_WARN_EMPTY_BODY = YES;
				CLANG_WARN_ENUM_CONVERSION = YES;
				CLANG_WARN_INFINITE_RECURSION = YES;
				CLANG_WARN_INT_CONVERSION = YES;
				CLANG_WARN_OBJC_ROOT_CLASS = YES_ERROR;
				CLANG_WARN_SUSPICIOUS_MOVE = YES;
				CLANG_WARN_UNREACHABLE_CODE = YES;
				CLANG_WARN__DUPLICATE_METHOD_MATCH = YES;
				"CODE_SIGN_IDENTITY[sdk=iphoneos*]" = "iPhone Developer";
				COPY_PHASE_STRIP = NO;
				DEBUG_INFORMATION_FORMAT = dwarf;
				ENABLE_STRICT_OBJC_MSGSEND = YES;
				ENABLE_TESTABILITY = YES;
				GCC_C_LANGUAGE_STANDARD = gnu99;
				GCC_DYNAMIC_NO_PIC = NO;
				GCC_NO_COMMON_BLOCKS = YES;
				GCC_OPTIMIZATION_LEVEL = 0;
				GCC_PREPROCESSOR_DEFINITIONS = (
					"DEBUG=1",
					"$(inherited)",
				);
				GCC_WARN_64_TO_32_BIT_CONVERSION = YES;
				GCC_WARN_ABOUT_RETURN_TYPE = YES_ERROR;
				GCC_WARN_UNDECLARED_SELECTOR = YES;
				GCC_WARN_UNINITIALIZED_AUTOS = YES_AGGRESSIVE;
				GCC_WARN_UNUSED_FUNCTION = YES;
				GCC_WARN_UNUSED_VARIABLE = YES;
				IPHONEOS_DEPLOYMENT_TARGET = 10.3;
				MTL_ENABLE_DEBUG_INFO = YES;
				ONLY_ACTIVE_ARCH = YES;
				SDKROOT = iphoneos;
				SWIFT_ACTIVE_COMPILATION_CONDITIONS = DEBUG;
				SWIFT_OPTIMIZATION_LEVEL = "-Onone";
				TARGETED_DEVICE_FAMILY = "1,2";
			};
			name = Debug;
		};
		D2873BE51F3C3158009C2D40 /* Release */ = {
			isa = XCBuildConfiguration;
			buildSettings = {
				ALWAYS_SEARCH_USER_PATHS = NO;
				CLANG_ANALYZER_NONNULL = YES;
				CLANG_ANALYZER_NUMBER_OBJECT_CONVERSION = YES_AGGRESSIVE;
				CLANG_CXX_LANGUAGE_STANDARD = "gnu++0x";
				CLANG_CXX_LIBRARY = "libc++";
				CLANG_ENABLE_MODULES = YES;
				CLANG_ENABLE_OBJC_ARC = YES;
				CLANG_WARN_BOOL_CONVERSION = YES;
				CLANG_WARN_CONSTANT_CONVERSION = YES;
				CLANG_WARN_DIRECT_OBJC_ISA_USAGE = YES_ERROR;
				CLANG_WARN_DOCUMENTATION_COMMENTS = YES;
				CLANG_WARN_EMPTY_BODY = YES;
				CLANG_WARN_ENUM_CONVERSION = YES;
				CLANG_WARN_INFINITE_RECURSION = YES;
				CLANG_WARN_INT_CONVERSION = YES;
				CLANG_WARN_OBJC_ROOT_CLASS = YES_ERROR;
				CLANG_WARN_SUSPICIOUS_MOVE = YES;
				CLANG_WARN_UNREACHABLE_CODE = YES;
				CLANG_WARN__DUPLICATE_METHOD_MATCH = YES;
				"CODE_SIGN_IDENTITY[sdk=iphoneos*]" = "iPhone Developer";
				COPY_PHASE_STRIP = NO;
				DEBUG_INFORMATION_FORMAT = "dwarf-with-dsym";
				ENABLE_NS_ASSERTIONS = NO;
				ENABLE_STRICT_OBJC_MSGSEND = YES;
				GCC_C_LANGUAGE_STANDARD = gnu99;
				GCC_NO_COMMON_BLOCKS = YES;
				GCC_WARN_64_TO_32_BIT_CONVERSION = YES;
				GCC_WARN_ABOUT_RETURN_TYPE = YES_ERROR;
				GCC_WARN_UNDECLARED_SELECTOR = YES;
				GCC_WARN_UNINITIALIZED_AUTOS = YES_AGGRESSIVE;
				GCC_WARN_UNUSED_FUNCTION = YES;
				GCC_WARN_UNUSED_VARIABLE = YES;
				IPHONEOS_DEPLOYMENT_TARGET = 10.3;
				MTL_ENABLE_DEBUG_INFO = NO;
				SDKROOT = iphoneos;
				SWIFT_OPTIMIZATION_LEVEL = "-Owholemodule";
				TARGETED_DEVICE_FAMILY = "1,2";
				VALIDATE_PRODUCT = YES;
			};
			name = Release;
		};
		D2873BE71F3C3158009C2D40 /* Debug */ = {
			isa = XCBuildConfiguration;
			buildSettings = {
				ASSETCATALOG_COMPILER_APPICON_NAME = AppIcon;
				DEVELOPMENT_TEAM = 6QV7266CQK;
				INFOPLIST_FILE = FBMeUser/Info.plist;
				LD_RUNPATH_SEARCH_PATHS = "$(inherited) @executable_path/Frameworks";
				PRODUCT_BUNDLE_IDENTIFIER = livestar.FBMeUser;
				PRODUCT_NAME = "$(TARGET_NAME)";
				SWIFT_VERSION = 3.0;
			};
			name = Debug;
		};
		D2873BE81F3C3158009C2D40 /* Release */ = {
			isa = XCBuildConfiguration;
			buildSettings = {
				ASSETCATALOG_COMPILER_APPICON_NAME = AppIcon;
				DEVELOPMENT_TEAM = 6QV7266CQK;
				INFOPLIST_FILE = FBMeUser/Info.plist;
				LD_RUNPATH_SEARCH_PATHS = "$(inherited) @executable_path/Frameworks";
				PRODUCT_BUNDLE_IDENTIFIER = livestar.FBMeUser;
				PRODUCT_NAME = "$(TARGET_NAME)";
				SWIFT_VERSION = 3.0;
			};
			name = Release;
		};
/* End XCBuildConfiguration section */

/* Begin XCConfigurationList section */
		D2873BCF1F3C3158009C2D40 /* Build configuration list for PBXProject "FBMeUser" */ = {
			isa = XCConfigurationList;
			buildConfigurations = (
				D2873BE41F3C3158009C2D40 /* Debug */,
				D2873BE51F3C3158009C2D40 /* Release */,
			);
			defaultConfigurationIsVisible = 0;
			defaultConfigurationName = Release;
		};
		D2873BE61F3C3158009C2D40 /* Build configuration list for PBXNativeTarget "FBMeUser" */ = {
			isa = XCConfigurationList;
			buildConfigurations = (
				D2873BE71F3C3158009C2D40 /* Debug */,
				D2873BE81F3C3158009C2D40 /* Release */,
			);
			defaultConfigurationIsVisible = 0;
			defaultConfigurationName = Release;
		};
/* End XCConfigurationList section */
	};
	rootObject = D2873BCC1F3C3158009C2D40 /* Project object */;
}
