// !$*UTF8*$!
{
	archiveVersion = 1;
	classes = {
	};
	objectVersion = 46;
	objects = {

/* Begin PBXBuildFile section */
		D2873BB21F3BFD5F009C2D40 /* AppDelegate.swift in Sources */ = {isa = PBXBuildFile; fileRef = D2873BB11F3BFD5F009C2D40 /* AppDelegate.swift */; };
		D2873BB71F3BFD5F009C2D40 /* Main.storyboard in Resources */ = {isa = PBXBuildFile; fileRef = D2873BB51F3BFD5F009C2D40 /* Main.storyboard */; };
		D2873BB91F3BFD5F009C2D40 /* Assets.xcassets in Resources */ = {isa = PBXBuildFile; fileRef = D2873BB81F3BFD5F009C2D40 /* Assets.xcassets */; };
		D2873BBC1F3BFD5F009C2D40 /* LaunchScreen.storyboard in Resources */ = {isa = PBXBuildFile; fileRef = D2873BBA1F3BFD5F009C2D40 /* LaunchScreen.storyboard */; };
		D2873BC51F3C0076009C2D40 /* NewsTableViewController.swift in Sources */ = {isa = PBXBuildFile; fileRef = D2873BC41F3C0076009C2D40 /* NewsTableViewController.swift */; };
		D2873BC81F3C00C6009C2D40 /* NewsTableViewCell.swift in Sources */ = {isa = PBXBuildFile; fileRef = D2873BC71F3C00C6009C2D40 /* NewsTableViewCell.swift */; };
		D2873BCA1F3C04FD009C2D40 /* FeedParser.swift in Sources */ = {isa = PBXBuildFile; fileRef = D2873BC91F3C04FD009C2D40 /* FeedParser.swift */; };
/* End PBXBuildFile section */

/* Begin PBXFileReference section */
		D2873BAE1F3BFD5F009C2D40 /* SimpleRSSReader.app */ = {isa = PBXFileReference; explicitFileType = wrapper.application; includeInIndex = 0; path = SimpleRSSReader.app; sourceTree = BUILT_PRODUCTS_DIR; };
		D2873BB11F3BFD5F009C2D40 /* AppDelegate.swift */ = {isa = PBXFileReference; lastKnownFileType = sourcecode.swift; path = AppDelegate.swift; sourceTree = "<group>"; };
		D2873BB61F3BFD5F009C2D40 /* Base */ = {isa = PBXFileReference; lastKnownFileType = file.storyboard; name = Base; path = Base.lproj/Main.storyboard; sourceTree = "<group>"; };
		D2873BB81F3BFD5F009C2D40 /* Assets.xcassets */ = {isa = PBXFileReference; lastKnownFileType = folder.assetcatalog; path = Assets.xcassets; sourceTree = "<group>"; };
		D2873BBB1F3BFD5F009C2D40 /* Base */ = {isa = PBXFileReference; lastKnownFileType = file.storyboard; name = Base; path = Base.lproj/LaunchScreen.storyboard; sourceTree = "<group>"; };
		D2873BBD1F3BFD5F009C2D40 /* Info.plist */ = {isa = PBXFileReference; lastKnownFileType = text.plist.xml; path = Info.plist; sourceTree = "<group>"; };
		D2873BC41F3C0076009C2D40 /* NewsTableViewController.swift */ = {isa = PBXFileReference; fileEncoding = 4; lastKnownFileType = sourcecode.swift; path = NewsTableViewController.swift; sourceTree = "<group>"; };
		D2873BC71F3C00C6009C2D40 /* NewsTableViewCell.swift */ = {isa = PBXFileReference; fileEncoding = 4; lastKnownFileType = sourcecode.swift; path = NewsTableViewCell.swift; sourceTree = "<group>"; };
		D2873BC91F3C04FD009C2D40 /* FeedParser.swift */ = {isa = PBXFileReference; fileEncoding = 4; lastKnownFileType = sourcecode.swift; path = FeedParser.swift; sourceTree = "<group>"; };
/* End PBXFileReference section */

/* Begin PBXFrameworksBuildPhase section */
		D2873BAB1F3BFD5F009C2D40 /* Frameworks */ = {
			isa = PBXFrameworksBuildPhase;
			buildActionMask = 2147483647;
			files = (
			);
			runOnlyForDeploymentPostprocessing = 0;
		};
/* End PBXFrameworksBuildPhase section */

/* Begin PBXGroup section */
		D2873BA51F3BFD5F009C2D40 = {
			isa = PBXGroup;
			children = (
				D2873BB01F3BFD5F009C2D40 /* SimpleRSSReader */,
				D2873BAF1F3BFD5F009C2D40 /* Products */,
			);
			sourceTree = "<group>";
		};
		D2873BAF1F3BFD5F009C2D40 /* Products */ = {
			isa = PBXGroup;
			children = (
				D2873BAE1F3BFD5F009C2D40 /* SimpleRSSReader.app */,
			);
			name = Products;
			sourceTree = "<group>";
		};
		D2873BB01F3BFD5F009C2D40 /* SimpleRSSReader */ = {
			isa = PBXGroup;
			children = (
				D2873BB11F3BFD5F009C2D40 /* AppDelegate.swift */,
				D2873BC91F3C04FD009C2D40 /* FeedParser.swift */,
				D2873BC31F3C0051009C2D40 /* ViewControllers */,
				D2873BC61F3C00A2009C2D40 /* Views */,
				D2873BB51F3BFD5F009C2D40 /* Main.storyboard */,
				D2873BB81F3BFD5F009C2D40 /* Assets.xcassets */,
				D2873BBA1F3BFD5F009C2D40 /* LaunchScreen.storyboard */,
				D2873BBD1F3BFD5F009C2D40 /* Info.plist */,
			);
			path = SimpleRSSReader;
			sourceTree = "<group>";
		};
		D2873BC31F3C0051009C2D40 /* ViewControllers */ = {
			isa = PBXGroup;
			children = (
				D2873BC41F3C0076009C2D40 /* NewsTableViewController.swift */,
			);
			path = ViewControllers;
			sourceTree = "<group>";
		};
		D2873BC61F3C00A2009C2D40 /* Views */ = {
			isa = PBXGroup;
			children = (
				D2873BC71F3C00C6009C2D40 /* NewsTableViewCell.swift */,
			);
			path = Views;
			sourceTree = "<group>";
		};
/* End PBXGroup section */

/* Begin PBXNativeTarget section */
		D2873BAD1F3BFD5F009C2D40 /* SimpleRSSReader */ = {
			isa = PBXNativeTarget;
			buildConfigurationList = D2873BC01F3BFD5F009C2D40 /* Build configuration list for PBXNativeTarget "SimpleRSSReader" */;
			buildPhases = (
				D2873BAA1F3BFD5F009C2D40 /* Sources */,
				D2873BAB1F3BFD5F009C2D40 /* Frameworks */,
				D2873BAC1F3BFD5F009C2D40 /* Resources */,
			);
			buildRules = (
			);
			dependencies = (
			);
			name = SimpleRSSReader;
			productName = SimpleRSSReader;
			productReference = D2873BAE1F3BFD5F009C2D40 /* SimpleRSSReader.app */;
			productType = "com.apple.product-type.application";
		};
/* End PBXNativeTarget section */

/* Begin PBXProject section */
		D2873BA61F3BFD5F009C2D40 /* Project object */ = {
			isa = PBXProject;
			attributes = {
				LastSwiftUpdateCheck = 0830;
				LastUpgradeCheck = 0830;
				ORGANIZATIONNAME = "pike young";
				TargetAttributes = {
					D2873BAD1F3BFD5F009C2D40 = {
						CreatedOnToolsVersion = 8.3.3;
						DevelopmentTeam = 6QV7266CQK;
						ProvisioningStyle = Automatic;
					};
				};
			};
			buildConfigurationList = D2873BA91F3BFD5F009C2D40 /* Build configuration list for PBXProject "SimpleRSSReader" */;
			compatibilityVersion = "Xcode 3.2";
			developmentRegion = English;
			hasScannedForEncodings = 0;
			knownRegions = (
				en,
				Base,
			);
			mainGroup = D2873BA51F3BFD5F009C2D40;
			productRefGroup = D2873BAF1F3BFD5F009C2D40 /* Products */;
			projectDirPath = "";
			projectRoot = "";
			targets = (
				D2873BAD1F3BFD5F009C2D40 /* SimpleRSSReader */,
			);
		};
/* End PBXProject section */

/* Begin PBXResourcesBuildPhase section */
		D2873BAC1F3BFD5F009C2D40 /* Resources */ = {
			isa = PBXResourcesBuildPhase;
			buildActionMask = 2147483647;
			files = (
				D2873BBC1F3BFD5F009C2D40 /* LaunchScreen.storyboard in Resources */,
				D2873BB91F3BFD5F009C2D40 /* Assets.xcassets in Resources */,
				D2873BB71F3BFD5F009C2D40 /* Main.storyboard in Resources */,
			);
			runOnlyForDeploymentPostprocessing = 0;
		};
/* End PBXResourcesBuildPhase section */

/* Begin PBXSourcesBuildPhase section */
		D2873BAA1F3BFD5F009C2D40 /* Sources */ = {
			isa = PBXSourcesBuildPhase;
			buildActionMask = 2147483647;
			files = (
				D2873BCA1F3C04FD009C2D40 /* FeedParser.swift in Sources */,
				D2873BC51F3C0076009C2D40 /* NewsTableViewController.swift in Sources */,
				D2873BB21F3BFD5F009C2D40 /* AppDelegate.swift in Sources */,
				D2873BC81F3C00C6009C2D40 /* NewsTableViewCell.swift in Sources */,
			);
			runOnlyForDeploymentPostprocessing = 0;
		};
/* End PBXSourcesBuildPhase section */

/* Begin PBXVariantGroup section */
		D2873BB51F3BFD5F009C2D40 /* Main.storyboard */ = {
			isa = PBXVariantGroup;
			children = (
				D2873BB61F3BFD5F009C2D40 /* Base */,
			);
			name = Main.storyboard;
			sourceTree = "<group>";
		};
		D2873BBA1F3BFD5F009C2D40 /* LaunchScreen.storyboard */ = {
			isa = PBXVariantGroup;
			children = (
				D2873BBB1F3BFD5F009C2D40 /* Base */,
			);
			name = LaunchScreen.storyboard;
			sourceTree = "<group>";
		};
/* End PBXVariantGroup section */

/* Begin XCBuildConfiguration section */
		D2873BBE1F3BFD5F009C2D40 /* Debug */ = {
			isa = XCBuildConfiguration;
			buildSettings = {
				ALWAYS_SEARCH_USER_PATHS = NO;
				CLANG_ANALYZER_NONNULL = YES;
				CLANG_ANALYZER_NUMBER_OBJECT_CONVERSION = YES_AGGRESSIVE;
				CLANG_CXX_LANGUAGE_STANDARD = "gnu++0x";
				CLANG_CXX_LIBRARY = "libc++";
				CLANG_ENABLE_MODULES = YES;
				CLANG_ENABLE_OBJC_ARC = YES;
				CLANG_WARN_BOOL_CONVERSION = YES;
				CLANG_WARN_CONSTANT_CONVERSION = YES;
				CLANG_WARN_DIRECT_OBJC_ISA_USAGE = YES_ERROR;
				CLANG_WARN_DOCUMENTATION_COMMENTS = YES;
				CLANG_WARN_EMPTY_BODY = YES;
				CLANG_WARN_ENUM_CONVERSION = YES;
				CLANG_WARN_INFINITE_RECURSION = YES;
				CLANG_WARN_INT_CONVERSION = YES;
				CLANG_WARN_OBJC_ROOT_CLASS = YES_ERROR;
				CLANG_WARN_SUSPICIOUS_MOVE = YES;
				CLANG_WARN_UNREACHABLE_CODE = YES;
				CLANG_WARN__DUPLICATE_METHOD_MATCH = YES;
				"CODE_SIGN_IDENTITY[sdk=iphoneos*]" = "iPhone Developer";
				COPY_PHASE_STRIP = NO;
				DEBUG_INFORMATION_FORMAT = dwarf;
				ENABLE_STRICT_OBJC_MSGSEND = YES;
				ENABLE_TESTABILITY = YES;
				GCC_C_LANGUAGE_STANDARD = gnu99;
				GCC_DYNAMIC_NO_PIC = NO;
				GCC_NO_COMMON_BLOCKS = YES;
				GCC_OPTIMIZATION_LEVEL = 0;
				GCC_PREPROCESSOR_DEFINITIONS = (
					"DEBUG=1",
					"$(inherited)",
				);
				GCC_WARN_64_TO_32_BIT_CONVERSION = YES;
				GCC_WARN_ABOUT_RETURN_TYPE = YES_ERROR;
				GCC_WARN_UNDECLARED_SELECTOR = YES;
				GCC_WARN_UNINITIALIZED_AUTOS = YES_AGGRESSIVE;
				GCC_WARN_UNUSED_FUNCTION = YES;
				GCC_WARN_UNUSED_VARIABLE = YES;
				IPHONEOS_DEPLOYMENT_TARGET = 10.3;
				MTL_ENABLE_DEBUG_INFO = YES;
				ONLY_ACTIVE_ARCH = YES;
				SDKROOT = iphoneos;
				SWIFT_ACTIVE_COMPILATION_CONDITIONS = DEBUG;
				SWIFT_OPTIMIZATION_LEVEL = "-Onone";
				TARGETED_DEVICE_FAMILY = "1,2";
			};
			name = Debug;
		};
		D2873BBF1F3BFD5F009C2D40 /* Release */ = {
			isa = XCBuildConfiguration;
			buildSettings = {
				ALWAYS_SEARCH_USER_PATHS = NO;
				CLANG_ANALYZER_NONNULL = YES;
				CLANG_ANALYZER_NUMBER_OBJECT_CONVERSION = YES_AGGRESSIVE;
				CLANG_CXX_LANGUAGE_STANDARD = "gnu++0x";
				CLANG_CXX_LIBRARY = "libc++";
				CLANG_ENABLE_MODULES = YES;
				CLANG_ENABLE_OBJC_ARC = YES;
				CLANG_WARN_BOOL_CONVERSION = YES;
				CLANG_WARN_CONSTANT_CONVERSION = YES;
				CLANG_WARN_DIRECT_OBJC_ISA_USAGE = YES_ERROR;
				CLANG_WARN_DOCUMENTATION_COMMENTS = YES;
				CLANG_WARN_EMPTY_BODY = YES;
				CLANG_WARN_ENUM_CONVERSION = YES;
				CLANG_WARN_INFINITE_RECURSION = YES;
				CLANG_WARN_INT_CONVERSION = YES;
				CLANG_WARN_OBJC_ROOT_CLASS = YES_ERROR;
				CLANG_WARN_SUSPICIOUS_MOVE = YES;
				CLANG_WARN_UNREACHABLE_CODE = YES;
				CLANG_WARN__DUPLICATE_METHOD_MATCH = YES;
				"CODE_SIGN_IDENTITY[sdk=iphoneos*]" = "iPhone Developer";
				COPY_PHASE_STRIP = NO;
				DEBUG_INFORMATION_FORMAT = "dwarf-with-dsym";
				ENABLE_NS_ASSERTIONS = NO;
				ENABLE_STRICT_OBJC_MSGSEND = YES;
				GCC_C_LANGUAGE_STANDARD = gnu99;
				GCC_NO_COMMON_BLOCKS = YES;
				GCC_WARN_64_TO_32_BIT_CONVERSION = YES;
				GCC_WARN_ABOUT_RETURN_TYPE = YES_ERROR;
				GCC_WARN_UNDECLARED_SELECTOR = YES;
				GCC_WARN_UNINITIALIZED_AUTOS = YES_AGGRESSIVE;
				GCC_WARN_UNUSED_FUNCTION = YES;
				GCC_WARN_UNUSED_VARIABLE = YES;
				IPHONEOS_DEPLOYMENT_TARGET = 10.3;
				MTL_ENABLE_DEBUG_INFO = NO;
				SDKROOT = iphoneos;
				SWIFT_OPTIMIZATION_LEVEL = "-Owholemodule";
				TARGETED_DEVICE_FAMILY = "1,2";
				VALIDATE_PRODUCT = YES;
			};
			name = Release;
		};
		D2873BC11F3BFD5F009C2D40 /* Debug */ = {
			isa = XCBuildConfiguration;
			buildSettings = {
				ASSETCATALOG_COMPILER_APPICON_NAME = AppIcon;
				DEVELOPMENT_TEAM = 6QV7266CQK;
				INFOPLIST_FILE = SimpleRSSReader/Info.plist;
				LD_RUNPATH_SEARCH_PATHS = "$(inherited) @executable_path/Frameworks";
				PRODUCT_BUNDLE_IDENTIFIER = livestar.SimpleRSSReader;
				PRODUCT_NAME = "$(TARGET_NAME)";
				SWIFT_VERSION = 3.0;
			};
			name = Debug;
		};
		D2873BC21F3BFD5F009C2D40 /* Release */ = {
			isa = XCBuildConfiguration;
			buildSettings = {
				ASSETCATALOG_COMPILER_APPICON_NAME = AppIcon;
				DEVELOPMENT_TEAM = 6QV7266CQK;
				INFOPLIST_FILE = SimpleRSSReader/Info.plist;
				LD_RUNPATH_SEARCH_PATHS = "$(inherited) @executable_path/Frameworks";
				PRODUCT_BUNDLE_IDENTIFIER = livestar.SimpleRSSReader;
				PRODUCT_NAME = "$(TARGET_NAME)";
				SWIFT_VERSION = 3.0;
			};
			name = Release;
		};
/* End XCBuildConfiguration section */

/* Begin XCConfigurationList section */
		D2873BA91F3BFD5F009C2D40 /* Build configuration list for PBXProject "SimpleRSSReader" */ = {
			isa = XCConfigurationList;
			buildConfigurations = (
				D2873BBE1F3BFD5F009C2D40 /* Debug */,
				D2873BBF1F3BFD5F009C2D40 /* Release */,
			);
			defaultConfigurationIsVisible = 0;
			defaultConfigurationName = Release;
		};
		D2873BC01F3BFD5F009C2D40 /* Build configuration list for PBXNativeTarget "SimpleRSSReader" */ = {
			isa = XCConfigurationList;
			buildConfigurations = (
				D2873BC11F3BFD5F009C2D40 /* Debug */,
				D2873BC21F3BFD5F009C2D40 /* Release */,
			);
			defaultConfigurationIsVisible = 0;
			defaultConfigurationName = Release;
		};
/* End XCConfigurationList section */
	};
	rootObject = D2873BA61F3BFD5F009C2D40 /* Project object */;
}
