// !$*UTF8*$!
{
	archiveVersion = 1;
	classes = {
	};
	objectVersion = 46;
	objects = {

/* Begin PBXBuildFile section */
		D28C9D271F4FBEF600365463 /* AppDelegate.swift in Sources */ = {isa = PBXBuildFile; fileRef = D28C9D261F4FBEF600365463 /* AppDelegate.swift */; };
		D28C9D2C1F4FBEF600365463 /* Main.storyboard in Resources */ = {isa = PBXBuildFile; fileRef = D28C9D2A1F4FBEF600365463 /* Main.storyboard */; };
		D28C9D2E1F4FBEF600365463 /* Assets.xcassets in Resources */ = {isa = PBXBuildFile; fileRef = D28C9D2D1F4FBEF600365463 /* Assets.xcassets */; };
		D28C9D311F4FBEF600365463 /* LaunchScreen.storyboard in Resources */ = {isa = PBXBuildFile; fileRef = D28C9D2F1F4FBEF600365463 /* LaunchScreen.storyboard */; };
		D28C9D3D1F4FC02000365463 /* VideoCutter.swift in Sources */ = {isa = PBXBuildFile; fileRef = D28C9D3C1F4FC02000365463 /* VideoCutter.swift */; };
		D28C9D3F1F4FC0B800365463 /* VideoSplashViewController.swift in Sources */ = {isa = PBXBuildFile; fileRef = D28C9D3E1F4FC0B800365463 /* VideoSplashViewController.swift */; };
		D28C9D411F4FC32A00365463 /* MasterViewController.swift in Sources */ = {isa = PBXBuildFile; fileRef = D28C9D401F4FC32A00365463 /* MasterViewController.swift */; };
		D28C9D431F4FC5BF00365463 /* moments.mp4 in Resources */ = {isa = PBXBuildFile; fileRef = D28C9D421F4FC51300365463 /* moments.mp4 */; };
/* End PBXBuildFile section */

/* Begin PBXFileReference section */
		D28C9D231F4FBEF600365463 /* SpotifySignIn.app */ = {isa = PBXFileReference; explicitFileType = wrapper.application; includeInIndex = 0; path = SpotifySignIn.app; sourceTree = BUILT_PRODUCTS_DIR; };
		D28C9D261F4FBEF600365463 /* AppDelegate.swift */ = {isa = PBXFileReference; lastKnownFileType = sourcecode.swift; path = AppDelegate.swift; sourceTree = "<group>"; };
		D28C9D2B1F4FBEF600365463 /* Base */ = {isa = PBXFileReference; lastKnownFileType = file.storyboard; name = Base; path = Base.lproj/Main.storyboard; sourceTree = "<group>"; };
		D28C9D2D1F4FBEF600365463 /* Assets.xcassets */ = {isa = PBXFileReference; lastKnownFileType = folder.assetcatalog; path = Assets.xcassets; sourceTree = "<group>"; };
		D28C9D301F4FBEF600365463 /* Base */ = {isa = PBXFileReference; lastKnownFileType = file.storyboard; name = Base; path = Base.lproj/LaunchScreen.storyboard; sourceTree = "<group>"; };
		D28C9D321F4FBEF600365463 /* Info.plist */ = {isa = PBXFileReference; lastKnownFileType = text.plist.xml; path = Info.plist; sourceTree = "<group>"; };
		D28C9D3C1F4FC02000365463 /* VideoCutter.swift */ = {isa = PBXFileReference; fileEncoding = 4; lastKnownFileType = sourcecode.swift; path = VideoCutter.swift; sourceTree = "<group>"; };
		D28C9D3E1F4FC0B800365463 /* VideoSplashViewController.swift */ = {isa = PBXFileReference; fileEncoding = 4; lastKnownFileType = sourcecode.swift; path = VideoSplashViewController.swift; sourceTree = "<group>"; };
		D28C9D401F4FC32A00365463 /* MasterViewController.swift */ = {isa = PBXFileReference; fileEncoding = 4; lastKnownFileType = sourcecode.swift; path = MasterViewController.swift; sourceTree = "<group>"; };
		D28C9D421F4FC51300365463 /* moments.mp4 */ = {isa = PBXFileReference; lastKnownFileType = file; path = moments.mp4; sourceTree = "<group>"; };
/* End PBXFileReference section */

/* Begin PBXFrameworksBuildPhase section */
		D28C9D201F4FBEF600365463 /* Frameworks */ = {
			isa = PBXFrameworksBuildPhase;
			buildActionMask = 2147483647;
			files = (
			);
			runOnlyForDeploymentPostprocessing = 0;
		};
/* End PBXFrameworksBuildPhase section */

/* Begin PBXGroup section */
		D28C9D1A1F4FBEF600365463 = {
			isa = PBXGroup;
			children = (
				D28C9D381F4FBF8700365463 /* Library */,
				D28C9D251F4FBEF600365463 /* SpotifySignIn */,
				D28C9D241F4FBEF600365463 /* Products */,
			);
			sourceTree = "<group>";
		};
		D28C9D241F4FBEF600365463 /* Products */ = {
			isa = PBXGroup;
			children = (
				D28C9D231F4FBEF600365463 /* SpotifySignIn.app */,
			);
			name = Products;
			sourceTree = "<group>";
		};
		D28C9D251F4FBEF600365463 /* SpotifySignIn */ = {
			isa = PBXGroup;
			children = (
				D28C9D261F4FBEF600365463 /* AppDelegate.swift */,
				D28C9D391F4FBF9E00365463 /* ViewController */,
				D28C9D2A1F4FBEF600365463 /* Main.storyboard */,
				D28C9D421F4FC51300365463 /* moments.mp4 */,
				D28C9D2D1F4FBEF600365463 /* Assets.xcassets */,
				D28C9D2F1F4FBEF600365463 /* LaunchScreen.storyboard */,
				D28C9D321F4FBEF600365463 /* Info.plist */,
			);
			path = SpotifySignIn;
			sourceTree = "<group>";
		};
		D28C9D381F4FBF8700365463 /* Library */ = {
			isa = PBXGroup;
			children = (
				D28C9D3C1F4FC02000365463 /* VideoCutter.swift */,
				D28C9D3E1F4FC0B800365463 /* VideoSplashViewController.swift */,
			);
			path = Library;
			sourceTree = "<group>";
		};
		D28C9D391F4FBF9E00365463 /* ViewController */ = {
			isa = PBXGroup;
			children = (
				D28C9D401F4FC32A00365463 /* MasterViewController.swift */,
			);
			path = ViewController;
			sourceTree = "<group>";
		};
/* End PBXGroup section */

/* Begin PBXNativeTarget section */
		D28C9D221F4FBEF600365463 /* SpotifySignIn */ = {
			isa = PBXNativeTarget;
			buildConfigurationList = D28C9D351F4FBEF600365463 /* Build configuration list for PBXNativeTarget "SpotifySignIn" */;
			buildPhases = (
				D28C9D1F1F4FBEF600365463 /* Sources */,
				D28C9D201F4FBEF600365463 /* Frameworks */,
				D28C9D211F4FBEF600365463 /* Resources */,
			);
			buildRules = (
			);
			dependencies = (
			);
			name = SpotifySignIn;
			productName = SpotifySignIn;
			productReference = D28C9D231F4FBEF600365463 /* SpotifySignIn.app */;
			productType = "com.apple.product-type.application";
		};
/* End PBXNativeTarget section */

/* Begin PBXProject section */
		D28C9D1B1F4FBEF600365463 /* Project object */ = {
			isa = PBXProject;
			attributes = {
				LastSwiftUpdateCheck = 0830;
				LastUpgradeCheck = 0830;
				ORGANIZATIONNAME = "pike young";
				TargetAttributes = {
					D28C9D221F4FBEF600365463 = {
						CreatedOnToolsVersion = 8.3.3;
						DevelopmentTeam = 6QV7266CQK;
						ProvisioningStyle = Automatic;
					};
				};
			};
			buildConfigurationList = D28C9D1E1F4FBEF600365463 /* Build configuration list for PBXProject "SpotifySignIn" */;
			compatibilityVersion = "Xcode 3.2";
			developmentRegion = English;
			hasScannedForEncodings = 0;
			knownRegions = (
				en,
				Base,
			);
			mainGroup = D28C9D1A1F4FBEF600365463;
			productRefGroup = D28C9D241F4FBEF600365463 /* Products */;
			projectDirPath = "";
			projectRoot = "";
			targets = (
				D28C9D221F4FBEF600365463 /* SpotifySignIn */,
			);
		};
/* End PBXProject section */

/* Begin PBXResourcesBuildPhase section */
		D28C9D211F4FBEF600365463 /* Resources */ = {
			isa = PBXResourcesBuildPhase;
			buildActionMask = 2147483647;
			files = (
				D28C9D311F4FBEF600365463 /* LaunchScreen.storyboard in Resources */,
				D28C9D431F4FC5BF00365463 /* moments.mp4 in Resources */,
				D28C9D2E1F4FBEF600365463 /* Assets.xcassets in Resources */,
				D28C9D2C1F4FBEF600365463 /* Main.storyboard in Resources */,
			);
			runOnlyForDeploymentPostprocessing = 0;
		};
/* End PBXResourcesBuildPhase section */

/* Begin PBXSourcesBuildPhase section */
		D28C9D1F1F4FBEF600365463 /* Sources */ = {
			isa = PBXSourcesBuildPhase;
			buildActionMask = 2147483647;
			files = (
				D28C9D411F4FC32A00365463 /* MasterViewController.swift in Sources */,
				D28C9D3D1F4FC02000365463 /* VideoCutter.swift in Sources */,
				D28C9D271F4FBEF600365463 /* AppDelegate.swift in Sources */,
				D28C9D3F1F4FC0B800365463 /* VideoSplashViewController.swift in Sources */,
			);
			runOnlyForDeploymentPostprocessing = 0;
		};
/* End PBXSourcesBuildPhase section */

/* Begin PBXVariantGroup section */
		D28C9D2A1F4FBEF600365463 /* Main.storyboard */ = {
			isa = PBXVariantGroup;
			children = (
				D28C9D2B1F4FBEF600365463 /* Base */,
			);
			name = Main.storyboard;
			sourceTree = "<group>";
		};
		D28C9D2F1F4FBEF600365463 /* LaunchScreen.storyboard */ = {
			isa = PBXVariantGroup;
			children = (
				D28C9D301F4FBEF600365463 /* Base */,
			);
			name = LaunchScreen.storyboard;
			sourceTree = "<group>";
		};
/* End PBXVariantGroup section */

/* Begin XCBuildConfiguration section */
		D28C9D331F4FBEF600365463 /* Debug */ = {
			isa = XCBuildConfiguration;
			buildSettings = {
				ALWAYS_SEARCH_USER_PATHS = NO;
				CLANG_ANALYZER_NONNULL = YES;
				CLANG_ANALYZER_NUMBER_OBJECT_CONVERSION = YES_AGGRESSIVE;
				CLANG_CXX_LANGUAGE_STANDARD = "gnu++0x";
				CLANG_CXX_LIBRARY = "libc++";
				CLANG_ENABLE_MODULES = YES;
				CLANG_ENABLE_OBJC_ARC = YES;
				CLANG_WARN_BOOL_CONVERSION = YES;
				CLANG_WARN_CONSTANT_CONVERSION = YES;
				CLANG_WARN_DIRECT_OBJC_ISA_USAGE = YES_ERROR;
				CLANG_WARN_DOCUMENTATION_COMMENTS = YES;
				CLANG_WARN_EMPTY_BODY = YES;
				CLANG_WARN_ENUM_CONVERSION = YES;
				CLANG_WARN_INFINITE_RECURSION = YES;
				CLANG_WARN_INT_CONVERSION = YES;
				CLANG_WARN_OBJC_ROOT_CLASS = YES_ERROR;
				CLANG_WARN_SUSPICIOUS_MOVE = YES;
				CLANG_WARN_UNREACHABLE_CODE = YES;
				CLANG_WARN__DUPLICATE_METHOD_MATCH = YES;
				"CODE_SIGN_IDENTITY[sdk=iphoneos*]" = "iPhone Developer";
				COPY_PHASE_STRIP = NO;
				DEBUG_INFORMATION_FORMAT = dwarf;
				ENABLE_STRICT_OBJC_MSGSEND = YES;
				ENABLE_TESTABILITY = YES;
				GCC_C_LANGUAGE_STANDARD = gnu99;
				GCC_DYNAMIC_NO_PIC = NO;
				GCC_NO_COMMON_BLOCKS = YES;
				GCC_OPTIMIZATION_LEVEL = 0;
				GCC_PREPROCESSOR_DEFINITIONS = (
					"DEBUG=1",
					"$(inherited)",
				);
				GCC_WARN_64_TO_32_BIT_CONVERSION = YES;
				GCC_WARN_ABOUT_RETURN_TYPE = YES_ERROR;
				GCC_WARN_UNDECLARED_SELECTOR = YES;
				GCC_WARN_UNINITIALIZED_AUTOS = YES_AGGRESSIVE;
				GCC_WARN_UNUSED_FUNCTION = YES;
				GCC_WARN_UNUSED_VARIABLE = YES;
				IPHONEOS_DEPLOYMENT_TARGET = 10.3;
				MTL_ENABLE_DEBUG_INFO = YES;
				ONLY_ACTIVE_ARCH = YES;
				SDKROOT = iphoneos;
				SWIFT_ACTIVE_COMPILATION_CONDITIONS = DEBUG;
				SWIFT_OPTIMIZATION_LEVEL = "-Onone";
				TARGETED_DEVICE_FAMILY = "1,2";
			};
			name = Debug;
		};
		D28C9D341F4FBEF600365463 /* Release */ = {
			isa = XCBuildConfiguration;
			buildSettings = {
				ALWAYS_SEARCH_USER_PATHS = NO;
				CLANG_ANALYZER_NONNULL = YES;
				CLANG_ANALYZER_NUMBER_OBJECT_CONVERSION = YES_AGGRESSIVE;
				CLANG_CXX_LANGUAGE_STANDARD = "gnu++0x";
				CLANG_CXX_LIBRARY = "libc++";
				CLANG_ENABLE_MODULES = YES;
				CLANG_ENABLE_OBJC_ARC = YES;
				CLANG_WARN_BOOL_CONVERSION = YES;
				CLANG_WARN_CONSTANT_CONVERSION = YES;
				CLANG_WARN_DIRECT_OBJC_ISA_USAGE = YES_ERROR;
				CLANG_WARN_DOCUMENTATION_COMMENTS = YES;
				CLANG_WARN_EMPTY_BODY = YES;
				CLANG_WARN_ENUM_CONVERSION = YES;
				CLANG_WARN_INFINITE_RECURSION = YES;
				CLANG_WARN_INT_CONVERSION = YES;
				CLANG_WARN_OBJC_ROOT_CLASS = YES_ERROR;
				CLANG_WARN_SUSPICIOUS_MOVE = YES;
				CLANG_WARN_UNREACHABLE_CODE = YES;
				CLANG_WARN__DUPLICATE_METHOD_MATCH = YES;
				"CODE_SIGN_IDENTITY[sdk=iphoneos*]" = "iPhone Developer";
				COPY_PHASE_STRIP = NO;
				DEBUG_INFORMATION_FORMAT = "dwarf-with-dsym";
				ENABLE_NS_ASSERTIONS = NO;
				ENABLE_STRICT_OBJC_MSGSEND = YES;
				GCC_C_LANGUAGE_STANDARD = gnu99;
				GCC_NO_COMMON_BLOCKS = YES;
				GCC_WARN_64_TO_32_BIT_CONVERSION = YES;
				GCC_WARN_ABOUT_RETURN_TYPE = YES_ERROR;
				GCC_WARN_UNDECLARED_SELECTOR = YES;
				GCC_WARN_UNINITIALIZED_AUTOS = YES_AGGRESSIVE;
				GCC_WARN_UNUSED_FUNCTION = YES;
				GCC_WARN_UNUSED_VARIABLE = YES;
				IPHONEOS_DEPLOYMENT_TARGET = 10.3;
				MTL_ENABLE_DEBUG_INFO = NO;
				SDKROOT = iphoneos;
				SWIFT_OPTIMIZATION_LEVEL = "-Owholemodule";
				TARGETED_DEVICE_FAMILY = "1,2";
				VALIDATE_PRODUCT = YES;
			};
			name = Release;
		};
		D28C9D361F4FBEF600365463 /* Debug */ = {
			isa = XCBuildConfiguration;
			buildSettings = {
				ASSETCATALOG_COMPILER_APPICON_NAME = AppIcon;
				DEVELOPMENT_TEAM = 6QV7266CQK;
				INFOPLIST_FILE = SpotifySignIn/Info.plist;
				LD_RUNPATH_SEARCH_PATHS = "$(inherited) @executable_path/Frameworks";
				PRODUCT_BUNDLE_IDENTIFIER = livestar.SpotifySignIn;
				PRODUCT_NAME = "$(TARGET_NAME)";
				SWIFT_VERSION = 3.0;
			};
			name = Debug;
		};
		D28C9D371F4FBEF600365463 /* Release */ = {
			isa = XCBuildConfiguration;
			buildSettings = {
				ASSETCATALOG_COMPILER_APPICON_NAME = AppIcon;
				DEVELOPMENT_TEAM = 6QV7266CQK;
				INFOPLIST_FILE = SpotifySignIn/Info.plist;
				LD_RUNPATH_SEARCH_PATHS = "$(inherited) @executable_path/Frameworks";
				PRODUCT_BUNDLE_IDENTIFIER = livestar.SpotifySignIn;
				PRODUCT_NAME = "$(TARGET_NAME)";
				SWIFT_VERSION = 3.0;
			};
			name = Release;
		};
/* End XCBuildConfiguration section */

/* Begin XCConfigurationList section */
		D28C9D1E1F4FBEF600365463 /* Build configuration list for PBXProject "SpotifySignIn" */ = {
			isa = XCConfigurationList;
			buildConfigurations = (
				D28C9D331F4FBEF600365463 /* Debug */,
				D28C9D341F4FBEF600365463 /* Release */,
			);
			defaultConfigurationIsVisible = 0;
			defaultConfigurationName = Release;
		};
		D28C9D351F4FBEF600365463 /* Build configuration list for PBXNativeTarget "SpotifySignIn" */ = {
			isa = XCConfigurationList;
			buildConfigurations = (
				D28C9D361F4FBEF600365463 /* Debug */,
				D28C9D371F4FBEF600365463 /* Release */,
			);
			defaultConfigurationIsVisible = 0;
			defaultConfigurationName = Release;
		};
/* End XCConfigurationList section */
	};
	rootObject = D28C9D1B1F4FBEF600365463 /* Project object */;
}
